{
  "name": "list-followed-wikis",
  "version": "1.0.0",
  "lockfileVersion": 3,
  "requires": true,
  "packages": {
    "": {
      "name": "list-followed-wikis",
      "version": "1.0.0",
      "license": "ISC",
      "dependencies": {
        "azure-devops-extension-api": "^4.247.0",
        "azure-devops-extension-sdk": "^4.0.2"
      }
    },
    "node_modules/azure-devops-extension-api": {
      "version": "4.247.0",
      "resolved": "https://registry.npmjs.org/azure-devops-extension-api/-/azure-devops-extension-api-4.247.0.tgz",
      "integrity": "sha512-lpEnC+4W1Kxx1VXaUDpWom3WjXNJp8HRF+mgraR4ICXx6mcbHFIATPCUyO6xxGSr6/HDyV33Y88S0Iksu4qwrg==",
      "dependencies": {
        "whatwg-fetch": "~3.0.0"
      },
      "peerDependencies": {
        "azure-devops-extension-sdk": "^2 || ^3 || ^4"
      }
    },
    "node_modules/azure-devops-extension-sdk": {
      "version": "4.0.2",
      "resolved": "https://registry.npmjs.org/azure-devops-extension-sdk/-/azure-devops-extension-sdk-4.0.2.tgz",
      "integrity": "sha512-r8JwhjQT3el/X7XyMJGq/mlNDN/Cdpw5Dw/2nXcCdBmfyvDMgCcD0a+4EgL7Fi4ULcy+hPrlwejv8l1K4/XZSQ==",
      "engines": {
        "node": ">=18.0.0"
      }
    },
    "node_modules/whatwg-fetch": {
      "version": "3.0.1",
      "resolved": "https://registry.npmjs.org/whatwg-fetch/-/whatwg-fetch-3.0.1.tgz",
      "integrity": "sha512-gPeS9Ef8bSigQwAZiSbQyyU/sBQP1Qo6r112A2shGw5B6+4YT1D8O0oXXwF3zgXXLrrfxbIeP8fM3JmsoWU4Vw=="
    }
  }
}
